
Microsoft Visual Studio Solution File, Format Version 12.00
# Visual Studio Version 16
VisualStudioVersion = 16.0.31313.79
MinimumVisualStudioVersion = 10.0.40219.1
Project("{FAE04EC0-301F-11D3-BF4B-00C04F79EFBC}") = "Sandbox", "Sandbox\Sandbox.csproj", "{4E5E6C69-52A5-4324-B081-2C373070780D}"
EndProject
Global
	GlobalSection(SolutionConfigurationPlatforms) = preSolution
		Debug|Any CPU = Debug|Any CPU
		Release|Any CPU = Release|Any CPU
	EndGlobalSection
	GlobalSection(ProjectConfigurationPlatforms) = postSolution
		{4E5E6C69-52A5-4324-B081-2C373070780D}.Debug|Any CPU.ActiveCfg = Debug|Any CPU
		{4E5E6C69-52A5-4324-B081-2C373070780D}.Debug|Any CPU.Build.0 = Debug|Any CPU
		{4E5E6C69-52A5-4324-B081-2C373070780D}.Release|Any CPU.ActiveCfg = Release|Any CPU
		{4E5E6C69-52A5-4324-B081-2C373070780D}.Release|Any CPU.Build.0 = Release|Any CPU
	EndGlobalSection
	GlobalSection(SolutionProperties) = preSolution
		HideSolutionNode = FALSE
	EndGlobalSection
	GlobalSection(ExtensibilityGlobals) = postSolution
		SolutionGuid = {FAD321FE-299D-4AED-9ED5-A52BB304A79C}
	EndGlobalSection
EndGlobal
